PODS:
  - AFNetworking (2.5.4):
    - AFNetworking/NSURLConnection (= 2.5.4)
    - AFNetworking/NSURLSession (= 2.5.4)
    - AFNetworking/Reachability (= 2.5.4)
    - AFNetworking/Security (= 2.5.4)
    - AFNetworking/Serialization (= 2.5.4)
    - AFNetworking/UIKit (= 2.5.4)
  - AFNetworking/NSURLConnection (2.5.4):
    - AFNetworking/Reachability
    - AFNetworking/Security
    - AFNetworking/Serialization
  - AFNetworking/NSURLSession (2.5.4):
    - AFNetworking/Reachability
    - AFNetworking/Security
    - AFNetworking/Serialization
  - AFNetworking/Reachability (2.5.4)
  - AFNetworking/Security (2.5.4)
  - AFNetworking/Serialization (2.5.4)
  - AFNetworking/UIKit (2.5.4):
    - AFNetworking/NSURLConnection
    - AFNetworking/NSURLSession
  - JSONKit (1.5pre)
  - JSONModel (1.1.0)
  - Masonry (0.6.1)
  - MJRefresh (1.4.6)
  - pop (1.0.7)
  - Reachability (3.2)
  - SDWebImage (3.7.2):
    - SDWebImage/Core (= 3.7.2)
  - SDWebImage-Category (1.4):
    - SDWebImage
  - SDWebImage/Core (3.7.2)

DEPENDENCIES:
  - AFNetworking (~> 2.5.0)
  - JSONKit (~> 1.5pre)
  - JSONModel (~> 1.1.0)
  - Masonry (~> 0.6.1)
  - MJRefresh (~> 1.4.6)
  - pop
  - Reachability (~> 3.2)
  - SDWebImage (~> 3.7)
  - SDWebImage-Category (~> 1.4)

SPEC CHECKSUMS:
  AFNetworking: 05edc0ac4c4c8cf57bcf4b84be5b0744b6d8e71e
  JSONKit: bae313ce6a6c444f40489a6c0b023f399888871f
  JSONModel: ec77e9865236a7a09d9cf7668df6b4b328d9ec1d
  Masonry: 4972309f2f134de9dd312f4dc4a21359b50e6caa
  MJRefresh: 2eaa3fd8f67fbb86497840fb0167446f7eb61dc7
  pop: 628ffc631644601567ee8bfaaaea493ebd7d0923
  Reachability: 33e18b67625424e47b6cde6d202dce689ad7af96
  SDWebImage: 71b7cdc1d1721d6a82ed62889030225f2c249e29
  SDWebImage-Category: 1f1c00880a538f7faf5b726e1559cf1ca555c553

COCOAPODS: 0.37.1
