// !$*UTF8*$!
{
	archiveVersion = 1;
	classes = {
	};
	objectVersion = 46;
	objects = {

/* Begin PBXBuildFile section */
		D5FEE0031B76F93400E8AC03 /* bg-login.png in Resources */ = {isa = PBXBuildFile; fileRef = D5FEDFFA1B76F93400E8AC03 /* bg-login.png */; };
		D5FEE0041B76F93400E8AC03 /* ico-default-avatar.png in Resources */ = {isa = PBXBuildFile; fileRef = D5FEDFFB1B76F93400E8AC03 /* ico-default-avatar.png */; };
		D5FEE0051B76F93400E8AC03 /* ico-down-arrow.png in Resources */ = {isa = PBXBuildFile; fileRef = D5FEDFFC1B76F93400E8AC03 /* ico-down-arrow.png */; };
		D5FEE0061B76F93400E8AC03 /* ico-return.png in Resources */ = {isa = PBXBuildFile; fileRef = D5FEDFFD1B76F93400E8AC03 /* ico-return.png */; };
		D5FEE0071B76F93400E8AC03 /* ico-right-arrow-writer.png in Resources */ = {isa = PBXBuildFile; fileRef = D5FEDFFE1B76F93400E8AC03 /* ico-right-arrow-writer.png */; };
		D5FEE0081B76F93400E8AC03 /* ico-search.png in Resources */ = {isa = PBXBuildFile; fileRef = D5FEDFFF1B76F93400E8AC03 /* ico-search.png */; };
		D5FEE0091B76F93400E8AC03 /* ico-share.png in Resources */ = {isa = PBXBuildFile; fileRef = D5FEE0001B76F93400E8AC03 /* ico-share.png */; };
		D5FEE00A1B76F93400E8AC03 /* ico-up-arrow.png in Resources */ = {isa = PBXBuildFile; fileRef = D5FEE0011B76F93400E8AC03 /* ico-up-arrow.png */; };
		D5FEE00B1B76F93400E8AC03 /* logo.png in Resources */ = {isa = PBXBuildFile; fileRef = D5FEE0021B76F93400E8AC03 /* logo.png */; };
		D5FEE0131B770EB000E8AC03 /* uncheckawardblack.png in Resources */ = {isa = PBXBuildFile; fileRef = D5FEE0111B770EB000E8AC03 /* uncheckawardblack.png */; };
		D5FEE0141B770EB000E8AC03 /* uncheckgoods.png in Resources */ = {isa = PBXBuildFile; fileRef = D5FEE0121B770EB000E8AC03 /* uncheckgoods.png */; };
		EE6845B31B7E025800D6D6F5 /* HttpManager.m in Sources */ = {isa = PBXBuildFile; fileRef = EE6845AE1B7E025800D6D6F5 /* HttpManager.m */; };
		EE6845B41B7E025800D6D6F5 /* HttpProtocol.m in Sources */ = {isa = PBXBuildFile; fileRef = EE6845B01B7E025800D6D6F5 /* HttpProtocol.m */; };
		EE6845B51B7E025800D6D6F5 /* HttpResultBase.m in Sources */ = {isa = PBXBuildFile; fileRef = EE6845B21B7E025800D6D6F5 /* HttpResultBase.m */; };
		EE77439D1B7CD35700078166 /* AllTableViewCell.m in Sources */ = {isa = PBXBuildFile; fileRef = EE77438A1B7CD35700078166 /* AllTableViewCell.m */; };
		EE77439E1B7CD35700078166 /* BaseViewController.m in Sources */ = {isa = PBXBuildFile; fileRef = EE77438C1B7CD35700078166 /* BaseViewController.m */; };
		EE77439F1B7CD35700078166 /* EditPersonViewController.m in Sources */ = {isa = PBXBuildFile; fileRef = EE77438E1B7CD35700078166 /* EditPersonViewController.m */; };
		EE7743A01B7CD35700078166 /* FindTableViewCell.m in Sources */ = {isa = PBXBuildFile; fileRef = EE7743901B7CD35700078166 /* FindTableViewCell.m */; };
		EE7743A11B7CD35700078166 /* HeadTableViewCell.m in Sources */ = {isa = PBXBuildFile; fileRef = EE7743921B7CD35700078166 /* HeadTableViewCell.m */; };
		EE7743A21B7CD35700078166 /* LoginViewController.m in Sources */ = {isa = PBXBuildFile; fileRef = EE7743941B7CD35700078166 /* LoginViewController.m */; };
		EE7743A31B7CD35700078166 /* PersonInfoViewController.m in Sources */ = {isa = PBXBuildFile; fileRef = EE7743961B7CD35700078166 /* PersonInfoViewController.m */; };
		EE7743A41B7CD35700078166 /* SetViewController.m in Sources */ = {isa = PBXBuildFile; fileRef = EE7743981B7CD35700078166 /* SetViewController.m */; };
		EE7743A51B7CD35700078166 /* TextTableViewCell.m in Sources */ = {isa = PBXBuildFile; fileRef = EE77439A1B7CD35700078166 /* TextTableViewCell.m */; };
		EE7743A61B7CD35700078166 /* ViewController.m in Sources */ = {isa = PBXBuildFile; fileRef = EE77439C1B7CD35700078166 /* ViewController.m */; };
		EE87D2121B58ADA4002A0DD8 /* main.m in Sources */ = {isa = PBXBuildFile; fileRef = EE87D2111B58ADA4002A0DD8 /* main.m */; };
		EE87D2151B58ADA4002A0DD8 /* AppDelegate.m in Sources */ = {isa = PBXBuildFile; fileRef = EE87D2141B58ADA4002A0DD8 /* AppDelegate.m */; };
		EE87D21D1B58ADA4002A0DD8 /* Images.xcassets in Resources */ = {isa = PBXBuildFile; fileRef = EE87D21C1B58ADA4002A0DD8 /* Images.xcassets */; };
		EE87D22C1B58ADA4002A0DD8 /* shipinTests.m in Sources */ = {isa = PBXBuildFile; fileRef = EE87D22B1B58ADA4002A0DD8 /* shipinTests.m */; };
		EE908C021B7ED66F00505B82 /* BaseService.m in Sources */ = {isa = PBXBuildFile; fileRef = EE908BFD1B7ED66F00505B82 /* BaseService.m */; };
		EE908C031B7ED66F00505B82 /* DramaServices.m in Sources */ = {isa = PBXBuildFile; fileRef = EE908BFF1B7ED66F00505B82 /* DramaServices.m */; };
		EE908C041B7ED66F00505B82 /* UserService.m in Sources */ = {isa = PBXBuildFile; fileRef = EE908C011B7ED66F00505B82 /* UserService.m */; };
		EE908C151B7ED68100505B82 /* DramaModel.m in Sources */ = {isa = PBXBuildFile; fileRef = EE908C061B7ED68100505B82 /* DramaModel.m */; };
		EE908C161B7ED68100505B82 /* DramaPostersModel.m in Sources */ = {isa = PBXBuildFile; fileRef = EE908C081B7ED68100505B82 /* DramaPostersModel.m */; };
		EE908C171B7ED68100505B82 /* DramaRelativesModel.m in Sources */ = {isa = PBXBuildFile; fileRef = EE908C0A1B7ED68100505B82 /* DramaRelativesModel.m */; };
		EE908C181B7ED68100505B82 /* FilmModel.m in Sources */ = {isa = PBXBuildFile; fileRef = EE908C0C1B7ED68100505B82 /* FilmModel.m */; };
		EE908C191B7ED68100505B82 /* MessageModel.m in Sources */ = {isa = PBXBuildFile; fileRef = EE908C0E1B7ED68100505B82 /* MessageModel.m */; };
		EE908C1A1B7ED68100505B82 /* ScreenShotsModel.m in Sources */ = {isa = PBXBuildFile; fileRef = EE908C101B7ED68100505B82 /* ScreenShotsModel.m */; };
		EE908C1B1B7ED68100505B82 /* SimilaritiesModel.m in Sources */ = {isa = PBXBuildFile; fileRef = EE908C121B7ED68100505B82 /* SimilaritiesModel.m */; };
		EE908C1C1B7ED68100505B82 /* UserModel.m in Sources */ = {isa = PBXBuildFile; fileRef = EE908C141B7ED68100505B82 /* UserModel.m */; };
		EEDCB5C51B6335ED00EB9135 /* Config.m in Sources */ = {isa = PBXBuildFile; fileRef = EEDCB5C11B6335ED00EB9135 /* Config.m */; };
		EEDCB5C91B63392700EB9135 /* ExUINavigationController.m in Sources */ = {isa = PBXBuildFile; fileRef = EEDCB5C81B63392700EB9135 /* ExUINavigationController.m */; };
		EEDCB5CC1B63398D00EB9135 /* ExUINavigationBar.m in Sources */ = {isa = PBXBuildFile; fileRef = EEDCB5CB1B63398D00EB9135 /* ExUINavigationBar.m */; };
		EEDCB5D21B633E4200EB9135 /* Default-568h@2x.png in Resources */ = {isa = PBXBuildFile; fileRef = EEDCB5D01B633E4200EB9135 /* Default-568h@2x.png */; };
		EEDCB5D31B633E4200EB9135 /* navigationbar.png in Resources */ = {isa = PBXBuildFile; fileRef = EEDCB5D11B633E4200EB9135 /* navigationbar.png */; };
		EEDCB5D71B633E9200EB9135 /* ImageUtil.m in Sources */ = {isa = PBXBuildFile; fileRef = EEDCB5D61B633E9200EB9135 /* ImageUtil.m */; };
		EEDCB6131B63864100EB9135 /* Tool.m in Sources */ = {isa = PBXBuildFile; fileRef = EEDCB6121B63864100EB9135 /* Tool.m */; };
		F6C58D14318B2DFC028C7873 /* libPods.a in Frameworks */ = {isa = PBXBuildFile; fileRef = 8CAB9D74EF1F717E2A228153 /* libPods.a */; };
/* End PBXBuildFile section */

/* Begin PBXContainerItemProxy section */
		EE87D2261B58ADA4002A0DD8 /* PBXContainerItemProxy */ = {
			isa = PBXContainerItemProxy;
			containerPortal = EE87D2041B58ADA4002A0DD8 /* Project object */;
			proxyType = 1;
			remoteGlobalIDString = EE87D20B1B58ADA4002A0DD8;
			remoteInfo = shipin;
		};
/* End PBXContainerItemProxy section */

/* Begin PBXFileReference section */
		8CAB9D74EF1F717E2A228153 /* libPods.a */ = {isa = PBXFileReference; explicitFileType = archive.ar; includeInIndex = 0; path = libPods.a; sourceTree = BUILT_PRODUCTS_DIR; };
		A2D29204BCE2B344E2E7938B /* Pods.debug.xcconfig */ = {isa = PBXFileReference; includeInIndex = 1; lastKnownFileType = text.xcconfig; name = Pods.debug.xcconfig; path = "Pods/Target Support Files/Pods/Pods.debug.xcconfig"; sourceTree = "<group>"; };
		B4677DC82867240B0DF6E557 /* Pods.release.xcconfig */ = {isa = PBXFileReference; includeInIndex = 1; lastKnownFileType = text.xcconfig; name = Pods.release.xcconfig; path = "Pods/Target Support Files/Pods/Pods.release.xcconfig"; sourceTree = "<group>"; };
		D5FEDFFA1B76F93400E8AC03 /* bg-login.png */ = {isa = PBXFileReference; lastKnownFileType = image.png; name = "bg-login.png"; path = "Resource/bg-login.png"; sourceTree = "<group>"; };
		D5FEDFFB1B76F93400E8AC03 /* ico-default-avatar.png */ = {isa = PBXFileReference; lastKnownFileType = image.png; name = "ico-default-avatar.png"; path = "Resource/ico-default-avatar.png"; sourceTree = "<group>"; };
		D5FEDFFC1B76F93400E8AC03 /* ico-down-arrow.png */ = {isa = PBXFileReference; lastKnownFileType = image.png; name = "ico-down-arrow.png"; path = "Resource/ico-down-arrow.png"; sourceTree = "<group>"; };
		D5FEDFFD1B76F93400E8AC03 /* ico-return.png */ = {isa = PBXFileReference; lastKnownFileType = image.png; name = "ico-return.png"; path = "Resource/ico-return.png"; sourceTree = "<group>"; };
		D5FEDFFE1B76F93400E8AC03 /* ico-right-arrow-writer.png */ = {isa = PBXFileReference; lastKnownFileType = image.png; name = "ico-right-arrow-writer.png"; path = "Resource/ico-right-arrow-writer.png"; sourceTree = "<group>"; };
		D5FEDFFF1B76F93400E8AC03 /* ico-search.png */ = {isa = PBXFileReference; lastKnownFileType = image.png; name = "ico-search.png"; path = "Resource/ico-search.png"; sourceTree = "<group>"; };
		D5FEE0001B76F93400E8AC03 /* ico-share.png */ = {isa = PBXFileReference; lastKnownFileType = image.png; name = "ico-share.png"; path = "Resource/ico-share.png"; sourceTree = "<group>"; };
		D5FEE0011B76F93400E8AC03 /* ico-up-arrow.png */ = {isa = PBXFileReference; lastKnownFileType = image.png; name = "ico-up-arrow.png"; path = "Resource/ico-up-arrow.png"; sourceTree = "<group>"; };
		D5FEE0021B76F93400E8AC03 /* logo.png */ = {isa = PBXFileReference; lastKnownFileType = image.png; name = logo.png; path = Resource/logo.png; sourceTree = "<group>"; };
		D5FEE0111B770EB000E8AC03 /* uncheckawardblack.png */ = {isa = PBXFileReference; lastKnownFileType = image.png; name = uncheckawardblack.png; path = Resource/check/uncheckawardblack.png; sourceTree = "<group>"; };
		D5FEE0121B770EB000E8AC03 /* uncheckgoods.png */ = {isa = PBXFileReference; lastKnownFileType = image.png; name = uncheckgoods.png; path = Resource/check/uncheckgoods.png; sourceTree = "<group>"; };
		EE6845AD1B7E025800D6D6F5 /* HttpManager.h */ = {isa = PBXFileReference; fileEncoding = 4; lastKnownFileType = sourcecode.c.h; name = HttpManager.h; path = Network/HttpManager.h; sourceTree = "<group>"; };
		EE6845AE1B7E025800D6D6F5 /* HttpManager.m */ = {isa = PBXFileReference; fileEncoding = 4; lastKnownFileType = sourcecode.c.objc; name = HttpManager.m; path = Network/HttpManager.m; sourceTree = "<group>"; };
		EE6845AF1B7E025800D6D6F5 /* HttpProtocol.h */ = {isa = PBXFileReference; fileEncoding = 4; lastKnownFileType = sourcecode.c.h; name = HttpProtocol.h; path = Network/HttpProtocol.h; sourceTree = "<group>"; };
		EE6845B01B7E025800D6D6F5 /* HttpProtocol.m */ = {isa = PBXFileReference; fileEncoding = 4; lastKnownFileType = sourcecode.c.objc; name = HttpProtocol.m; path = Network/HttpProtocol.m; sourceTree = "<group>"; };
		EE6845B11B7E025800D6D6F5 /* HttpResultBase.h */ = {isa = PBXFileReference; fileEncoding = 4; lastKnownFileType = sourcecode.c.h; name = HttpResultBase.h; path = Network/HttpResultBase.h; sourceTree = "<group>"; };
		EE6845B21B7E025800D6D6F5 /* HttpResultBase.m */ = {isa = PBXFileReference; fileEncoding = 4; lastKnownFileType = sourcecode.c.objc; name = HttpResultBase.m; path = Network/HttpResultBase.m; sourceTree = "<group>"; };
		EE7184301B58EA9D00C4EF24 /* shipin.pch */ = {isa = PBXFileReference; fileEncoding = 4; lastKnownFileType = sourcecode.c.h; path = shipin.pch; sourceTree = "<group>"; };
		EE7743891B7CD35700078166 /* AllTableViewCell.h */ = {isa = PBXFileReference; fileEncoding = 4; lastKnownFileType = sourcecode.c.h; name = AllTableViewCell.h; path = Controller/AllTableViewCell.h; sourceTree = "<group>"; };
		EE77438A1B7CD35700078166 /* AllTableViewCell.m */ = {isa = PBXFileReference; fileEncoding = 4; lastKnownFileType = sourcecode.c.objc; name = AllTableViewCell.m; path = Controller/AllTableViewCell.m; sourceTree = "<group>"; };
		EE77438B1B7CD35700078166 /* BaseViewController.h */ = {isa = PBXFileReference; fileEncoding = 4; lastKnownFileType = sourcecode.c.h; name = BaseViewController.h; path = Controller/BaseViewController.h; sourceTree = "<group>"; };
		EE77438C1B7CD35700078166 /* BaseViewController.m */ = {isa = PBXFileReference; fileEncoding = 4; lastKnownFileType = sourcecode.c.objc; name = BaseViewController.m; path = Controller/BaseViewController.m; sourceTree = "<group>"; };
		EE77438D1B7CD35700078166 /* EditPersonViewController.h */ = {isa = PBXFileReference; fileEncoding = 4; lastKnownFileType = sourcecode.c.h; name = EditPersonViewController.h; path = Controller/EditPersonViewController.h; sourceTree = "<group>"; };
		EE77438E1B7CD35700078166 /* EditPersonViewController.m */ = {isa = PBXFileReference; fileEncoding = 4; lastKnownFileType = sourcecode.c.objc; name = EditPersonViewController.m; path = Controller/EditPersonViewController.m; sourceTree = "<group>"; };
		EE77438F1B7CD35700078166 /* FindTableViewCell.h */ = {isa = PBXFileReference; fileEncoding = 4; lastKnownFileType = sourcecode.c.h; name = FindTableViewCell.h; path = Controller/FindTableViewCell.h; sourceTree = "<group>"; };
		EE7743901B7CD35700078166 /* FindTableViewCell.m */ = {isa = PBXFileReference; fileEncoding = 4; lastKnownFileType = sourcecode.c.objc; name = FindTableViewCell.m; path = Controller/FindTableViewCell.m; sourceTree = "<group>"; };
		EE7743911B7CD35700078166 /* HeadTableViewCell.h */ = {isa = PBXFileReference; fileEncoding = 4; lastKnownFileType = sourcecode.c.h; name = HeadTableViewCell.h; path = Controller/HeadTableViewCell.h; sourceTree = "<group>"; };
		EE7743921B7CD35700078166 /* HeadTableViewCell.m */ = {isa = PBXFileReference; fileEncoding = 4; lastKnownFileType = sourcecode.c.objc; name = HeadTableViewCell.m; path = Controller/HeadTableViewCell.m; sourceTree = "<group>"; };
		EE7743931B7CD35700078166 /* LoginViewController.h */ = {isa = PBXFileReference; fileEncoding = 4; lastKnownFileType = sourcecode.c.h; name = LoginViewController.h; path = Controller/LoginViewController.h; sourceTree = "<group>"; };
		EE7743941B7CD35700078166 /* LoginViewController.m */ = {isa = PBXFileReference; fileEncoding = 4; lastKnownFileType = sourcecode.c.objc; name = LoginViewController.m; path = Controller/LoginViewController.m; sourceTree = "<group>"; };
		EE7743951B7CD35700078166 /* PersonInfoViewController.h */ = {isa = PBXFileReference; fileEncoding = 4; lastKnownFileType = sourcecode.c.h; name = PersonInfoViewController.h; path = Controller/PersonInfoViewController.h; sourceTree = "<group>"; };
		EE7743961B7CD35700078166 /* PersonInfoViewController.m */ = {isa = PBXFileReference; fileEncoding = 4; lastKnownFileType = sourcecode.c.objc; name = PersonInfoViewController.m; path = Controller/PersonInfoViewController.m; sourceTree = "<group>"; };
		EE7743971B7CD35700078166 /* SetViewController.h */ = {isa = PBXFileReference; fileEncoding = 4; lastKnownFileType = sourcecode.c.h; name = SetViewController.h; path = Controller/SetViewController.h; sourceTree = "<group>"; };
		EE7743981B7CD35700078166 /* SetViewController.m */ = {isa = PBXFileReference; fileEncoding = 4; lastKnownFileType = sourcecode.c.objc; name = SetViewController.m; path = Controller/SetViewController.m; sourceTree = "<group>"; };
		EE7743991B7CD35700078166 /* TextTableViewCell.h */ = {isa = PBXFileReference; fileEncoding = 4; lastKnownFileType = sourcecode.c.h; name = TextTableViewCell.h; path = Controller/TextTableViewCell.h; sourceTree = "<group>"; };
		EE77439A1B7CD35700078166 /* TextTableViewCell.m */ = {isa = PBXFileReference; fileEncoding = 4; lastKnownFileType = sourcecode.c.objc; name = TextTableViewCell.m; path = Controller/TextTableViewCell.m; sourceTree = "<group>"; };
		EE77439B1B7CD35700078166 /* ViewController.h */ = {isa = PBXFileReference; fileEncoding = 4; lastKnownFileType = sourcecode.c.h; name = ViewController.h; path = Controller/ViewController.h; sourceTree = "<group>"; };
		EE77439C1B7CD35700078166 /* ViewController.m */ = {isa = PBXFileReference; fileEncoding = 4; lastKnownFileType = sourcecode.c.objc; name = ViewController.m; path = Controller/ViewController.m; sourceTree = "<group>"; };
		EE87D20C1B58ADA4002A0DD8 /* shipin.app */ = {isa = PBXFileReference; explicitFileType = wrapper.application; includeInIndex = 0; path = shipin.app; sourceTree = BUILT_PRODUCTS_DIR; };
		EE87D2101B58ADA4002A0DD8 /* Info.plist */ = {isa = PBXFileReference; lastKnownFileType = text.plist.xml; path = Info.plist; sourceTree = "<group>"; };
		EE87D2111B58ADA4002A0DD8 /* main.m */ = {isa = PBXFileReference; lastKnownFileType = sourcecode.c.objc; path = main.m; sourceTree = "<group>"; };
		EE87D2131B58ADA4002A0DD8 /* AppDelegate.h */ = {isa = PBXFileReference; lastKnownFileType = sourcecode.c.h; path = AppDelegate.h; sourceTree = "<group>"; };
		EE87D2141B58ADA4002A0DD8 /* AppDelegate.m */ = {isa = PBXFileReference; lastKnownFileType = sourcecode.c.objc; path = AppDelegate.m; sourceTree = "<group>"; };
		EE87D21C1B58ADA4002A0DD8 /* Images.xcassets */ = {isa = PBXFileReference; lastKnownFileType = folder.assetcatalog; name = Images.xcassets; path = shipin/Images.xcassets; sourceTree = "<group>"; };
		EE87D2251B58ADA4002A0DD8 /* shipinTests.xctest */ = {isa = PBXFileReference; explicitFileType = wrapper.cfbundle; includeInIndex = 0; path = shipinTests.xctest; sourceTree = BUILT_PRODUCTS_DIR; };
		EE87D22A1B58ADA4002A0DD8 /* Info.plist */ = {isa = PBXFileReference; lastKnownFileType = text.plist.xml; path = Info.plist; sourceTree = "<group>"; };
		EE87D22B1B58ADA4002A0DD8 /* shipinTests.m */ = {isa = PBXFileReference; lastKnownFileType = sourcecode.c.objc; path = shipinTests.m; sourceTree = "<group>"; };
		EE908BFC1B7ED66F00505B82 /* BaseService.h */ = {isa = PBXFileReference; fileEncoding = 4; lastKnownFileType = sourcecode.c.h; name = BaseService.h; path = Services/BaseService.h; sourceTree = "<group>"; };
		EE908BFD1B7ED66F00505B82 /* BaseService.m */ = {isa = PBXFileReference; fileEncoding = 4; lastKnownFileType = sourcecode.c.objc; name = BaseService.m; path = Services/BaseService.m; sourceTree = "<group>"; };
		EE908BFE1B7ED66F00505B82 /* DramaServices.h */ = {isa = PBXFileReference; fileEncoding = 4; lastKnownFileType = sourcecode.c.h; name = DramaServices.h; path = Services/DramaServices.h; sourceTree = "<group>"; };
		EE908BFF1B7ED66F00505B82 /* DramaServices.m */ = {isa = PBXFileReference; fileEncoding = 4; lastKnownFileType = sourcecode.c.objc; name = DramaServices.m; path = Services/DramaServices.m; sourceTree = "<group>"; };
		EE908C001B7ED66F00505B82 /* UserService.h */ = {isa = PBXFileReference; fileEncoding = 4; lastKnownFileType = sourcecode.c.h; name = UserService.h; path = Services/UserService.h; sourceTree = "<group>"; };
		EE908C011B7ED66F00505B82 /* UserService.m */ = {isa = PBXFileReference; fileEncoding = 4; lastKnownFileType = sourcecode.c.objc; name = UserService.m; path = Services/UserService.m; sourceTree = "<group>"; };
		EE908C051B7ED68100505B82 /* DramaModel.h */ = {isa = PBXFileReference; fileEncoding = 4; lastKnownFileType = sourcecode.c.h; name = DramaModel.h; path = Modle/DramaModel.h; sourceTree = "<group>"; };
		EE908C061B7ED68100505B82 /* DramaModel.m */ = {isa = PBXFileReference; fileEncoding = 4; lastKnownFileType = sourcecode.c.objc; name = DramaModel.m; path = Modle/DramaModel.m; sourceTree = "<group>"; };
		EE908C071B7ED68100505B82 /* DramaPostersModel.h */ = {isa = PBXFileReference; fileEncoding = 4; lastKnownFileType = sourcecode.c.h; name = DramaPostersModel.h; path = Modle/DramaPostersModel.h; sourceTree = "<group>"; };
		EE908C081B7ED68100505B82 /* DramaPostersModel.m */ = {isa = PBXFileReference; fileEncoding = 4; lastKnownFileType = sourcecode.c.objc; name = DramaPostersModel.m; path = Modle/DramaPostersModel.m; sourceTree = "<group>"; };
		EE908C091B7ED68100505B82 /* DramaRelativesModel.h */ = {isa = PBXFileReference; fileEncoding = 4; lastKnownFileType = sourcecode.c.h; name = DramaRelativesModel.h; path = Modle/DramaRelativesModel.h; sourceTree = "<group>"; };
		EE908C0A1B7ED68100505B82 /* DramaRelativesModel.m */ = {isa = PBXFileReference; fileEncoding = 4; lastKnownFileType = sourcecode.c.objc; name = DramaRelativesModel.m; path = Modle/DramaRelativesModel.m; sourceTree = "<group>"; };
		EE908C0B1B7ED68100505B82 /* FilmModel.h */ = {isa = PBXFileReference; fileEncoding = 4; lastKnownFileType = sourcecode.c.h; name = FilmModel.h; path = Modle/FilmModel.h; sourceTree = "<group>"; };
		EE908C0C1B7ED68100505B82 /* FilmModel.m */ = {isa = PBXFileReference; fileEncoding = 4; lastKnownFileType = sourcecode.c.objc; name = FilmModel.m; path = Modle/FilmModel.m; sourceTree = "<group>"; };
		EE908C0D1B7ED68100505B82 /* MessageModel.h */ = {isa = PBXFileReference; fileEncoding = 4; lastKnownFileType = sourcecode.c.h; name = MessageModel.h; path = Modle/MessageModel.h; sourceTree = "<group>"; };
		EE908C0E1B7ED68100505B82 /* MessageModel.m */ = {isa = PBXFileReference; fileEncoding = 4; lastKnownFileType = sourcecode.c.objc; name = MessageModel.m; path = Modle/MessageModel.m; sourceTree = "<group>"; };
		EE908C0F1B7ED68100505B82 /* ScreenShotsModel.h */ = {isa = PBXFileReference; fileEncoding = 4; lastKnownFileType = sourcecode.c.h; name = ScreenShotsModel.h; path = Modle/ScreenShotsModel.h; sourceTree = "<group>"; };
		EE908C101B7ED68100505B82 /* ScreenShotsModel.m */ = {isa = PBXFileReference; fileEncoding = 4; lastKnownFileType = sourcecode.c.objc; name = ScreenShotsModel.m; path = Modle/ScreenShotsModel.m; sourceTree = "<group>"; };
		EE908C111B7ED68100505B82 /* SimilaritiesModel.h */ = {isa = PBXFileReference; fileEncoding = 4; lastKnownFileType = sourcecode.c.h; name = SimilaritiesModel.h; path = Modle/SimilaritiesModel.h; sourceTree = "<group>"; };
		EE908C121B7ED68100505B82 /* SimilaritiesModel.m */ = {isa = PBXFileReference; fileEncoding = 4; lastKnownFileType = sourcecode.c.objc; name = SimilaritiesModel.m; path = Modle/SimilaritiesModel.m; sourceTree = "<group>"; };
		EE908C131B7ED68100505B82 /* UserModel.h */ = {isa = PBXFileReference; fileEncoding = 4; lastKnownFileType = sourcecode.c.h; name = UserModel.h; path = Modle/UserModel.h; sourceTree = "<group>"; };
		EE908C141B7ED68100505B82 /* UserModel.m */ = {isa = PBXFileReference; fileEncoding = 4; lastKnownFileType = sourcecode.c.objc; name = UserModel.m; path = Modle/UserModel.m; sourceTree = "<group>"; };
		EEDCB5C01B6335ED00EB9135 /* Config.h */ = {isa = PBXFileReference; fileEncoding = 4; lastKnownFileType = sourcecode.c.h; name = Config.h; path = Config/Config.h; sourceTree = "<group>"; };
		EEDCB5C11B6335ED00EB9135 /* Config.m */ = {isa = PBXFileReference; fileEncoding = 4; lastKnownFileType = sourcecode.c.objc; name = Config.m; path = Config/Config.m; sourceTree = "<group>"; };
		EEDCB5C21B6335ED00EB9135 /* Macro.h */ = {isa = PBXFileReference; fileEncoding = 4; lastKnownFileType = sourcecode.c.h; name = Macro.h; path = Config/Macro.h; sourceTree = "<group>"; };
		EEDCB5C31B6335ED00EB9135 /* UrlAddress.h */ = {isa = PBXFileReference; fileEncoding = 4; lastKnownFileType = sourcecode.c.h; name = UrlAddress.h; path = Config/UrlAddress.h; sourceTree = "<group>"; };
		EEDCB5C71B63392700EB9135 /* ExUINavigationController.h */ = {isa = PBXFileReference; fileEncoding = 4; lastKnownFileType = sourcecode.c.h; name = ExUINavigationController.h; path = ExView/ExUINavigationController.h; sourceTree = "<group>"; };
		EEDCB5C81B63392700EB9135 /* ExUINavigationController.m */ = {isa = PBXFileReference; fileEncoding = 4; lastKnownFileType = sourcecode.c.objc; name = ExUINavigationController.m; path = ExView/ExUINavigationController.m; sourceTree = "<group>"; };
		EEDCB5CA1B63398D00EB9135 /* ExUINavigationBar.h */ = {isa = PBXFileReference; fileEncoding = 4; lastKnownFileType = sourcecode.c.h; name = ExUINavigationBar.h; path = ExView/ExUINavigationBar.h; sourceTree = "<group>"; };
		EEDCB5CB1B63398D00EB9135 /* ExUINavigationBar.m */ = {isa = PBXFileReference; fileEncoding = 4; lastKnownFileType = sourcecode.c.objc; name = ExUINavigationBar.m; path = ExView/ExUINavigationBar.m; sourceTree = "<group>"; };
		EEDCB5D01B633E4200EB9135 /* Default-568h@2x.png */ = {isa = PBXFileReference; lastKnownFileType = image.png; name = "Default-568h@2x.png"; path = "Resource/Default-568h@2x.png"; sourceTree = "<group>"; };
		EEDCB5D11B633E4200EB9135 /* navigationbar.png */ = {isa = PBXFileReference; lastKnownFileType = image.png; name = navigationbar.png; path = Resource/navigationbar.png; sourceTree = "<group>"; };
		EEDCB5D51B633E9200EB9135 /* ImageUtil.h */ = {isa = PBXFileReference; fileEncoding = 4; lastKnownFileType = sourcecode.c.h; name = ImageUtil.h; path = logic/ImageUtil.h; sourceTree = "<group>"; };
		EEDCB5D61B633E9200EB9135 /* ImageUtil.m */ = {isa = PBXFileReference; fileEncoding = 4; lastKnownFileType = sourcecode.c.objc; name = ImageUtil.m; path = logic/ImageUtil.m; sourceTree = "<group>"; };
		EEDCB6111B63864100EB9135 /* Tool.h */ = {isa = PBXFileReference; fileEncoding = 4; lastKnownFileType = sourcecode.c.h; name = Tool.h; path = Tool/Tool.h; sourceTree = "<group>"; };
		EEDCB6121B63864100EB9135 /* Tool.m */ = {isa = PBXFileReference; fileEncoding = 4; lastKnownFileType = sourcecode.c.objc; name = Tool.m; path = Tool/Tool.m; sourceTree = "<group>"; };
/* End PBXFileReference section */

/* Begin PBXFrameworksBuildPhase section */
		EE87D2091B58ADA4002A0DD8 /* Frameworks */ = {
			isa = PBXFrameworksBuildPhase;
			buildActionMask = 2147483647;
			files = (
				F6C58D14318B2DFC028C7873 /* libPods.a in Frameworks */,
			);
			runOnlyForDeploymentPostprocessing = 0;
		};
		EE87D2221B58ADA4002A0DD8 /* Frameworks */ = {
			isa = PBXFrameworksBuildPhase;
			buildActionMask = 2147483647;
			files = (
			);
			runOnlyForDeploymentPostprocessing = 0;
		};
/* End PBXFrameworksBuildPhase section */

/* Begin PBXGroup section */
		14455883414250D8F0A7AF5C /* Frameworks */ = {
			isa = PBXGroup;
			children = (
				8CAB9D74EF1F717E2A228153 /* libPods.a */,
			);
			name = Frameworks;
			sourceTree = "<group>";
		};
		BD427247A4D12148922FF266 /* Pods */ = {
			isa = PBXGroup;
			children = (
				A2D29204BCE2B344E2E7938B /* Pods.debug.xcconfig */,
				B4677DC82867240B0DF6E557 /* Pods.release.xcconfig */,
			);
			name = Pods;
			sourceTree = "<group>";
		};
		D5FEE0101B770E7400E8AC03 /* check */ = {
			isa = PBXGroup;
			children = (
				D5FEE0111B770EB000E8AC03 /* uncheckawardblack.png */,
				D5FEE0121B770EB000E8AC03 /* uncheckgoods.png */,
			);
			name = check;
			sourceTree = "<group>";
		};
		EE6845AC1B7E025000D6D6F5 /* Network */ = {
			isa = PBXGroup;
			children = (
				EE6845AD1B7E025800D6D6F5 /* HttpManager.h */,
				EE6845AE1B7E025800D6D6F5 /* HttpManager.m */,
				EE6845AF1B7E025800D6D6F5 /* HttpProtocol.h */,
				EE6845B01B7E025800D6D6F5 /* HttpProtocol.m */,
				EE6845B11B7E025800D6D6F5 /* HttpResultBase.h */,
				EE6845B21B7E025800D6D6F5 /* HttpResultBase.m */,
			);
			name = Network;
			sourceTree = "<group>";
		};
		EE6845B61B7E025E00D6D6F5 /* Services */ = {
			isa = PBXGroup;
			children = (
				EE908BFC1B7ED66F00505B82 /* BaseService.h */,
				EE908BFE1B7ED66F00505B82 /* DramaServices.h */,
				EE908C001B7ED66F00505B82 /* UserService.h */,
				EE908BFD1B7ED66F00505B82 /* BaseService.m */,
				EE908BFF1B7ED66F00505B82 /* DramaServices.m */,
				EE908C011B7ED66F00505B82 /* UserService.m */,
			);
			name = Services;
			sourceTree = "<group>";
		};
		EE71843A1B58F49700C4EF24 /* Resource */ = {
			isa = PBXGroup;
			children = (
				D5FEE0101B770E7400E8AC03 /* check */,
				D5FEDFFA1B76F93400E8AC03 /* bg-login.png */,
				EEDCB5D01B633E4200EB9135 /* Default-568h@2x.png */,
				D5FEDFFB1B76F93400E8AC03 /* ico-default-avatar.png */,
				D5FEDFFC1B76F93400E8AC03 /* ico-down-arrow.png */,
				D5FEDFFD1B76F93400E8AC03 /* ico-return.png */,
				D5FEDFFE1B76F93400E8AC03 /* ico-right-arrow-writer.png */,
				D5FEDFFF1B76F93400E8AC03 /* ico-search.png */,
				D5FEE0001B76F93400E8AC03 /* ico-share.png */,
				D5FEE0011B76F93400E8AC03 /* ico-up-arrow.png */,
				D5FEE0021B76F93400E8AC03 /* logo.png */,
				EEDCB5D11B633E4200EB9135 /* navigationbar.png */,
			);
			name = Resource;
			sourceTree = "<group>";
		};
		EE87D2031B58ADA4002A0DD8 = {
			isa = PBXGroup;
			children = (
				EE87D2361B58DD5A002A0DD8 /* other */,
				EE87D20E1B58ADA4002A0DD8 /* shipin */,
				EE87D20D1B58ADA4002A0DD8 /* Products */,
			);
			sourceTree = "<group>";
		};
		EE87D20D1B58ADA4002A0DD8 /* Products */ = {
			isa = PBXGroup;
			children = (
				EE87D20C1B58ADA4002A0DD8 /* shipin.app */,
				EE87D2251B58ADA4002A0DD8 /* shipinTests.xctest */,
			);
			name = Products;
			sourceTree = "<group>";
		};
		EE87D20E1B58ADA4002A0DD8 /* shipin */ = {
			isa = PBXGroup;
			children = (
				EE87D2131B58ADA4002A0DD8 /* AppDelegate.h */,
				EE87D2141B58ADA4002A0DD8 /* AppDelegate.m */,
				EEDCB5BF1B6335CD00EB9135 /* Config */,
				EE87D2351B58DD42002A0DD8 /* Controller */,
				EEDCB5C61B63391000EB9135 /* ExView */,
				EEDCB5D41B633E8B00EB9135 /* logic */,
				EEDCB6091B6366A300EB9135 /* Modle */,
				EE6845AC1B7E025000D6D6F5 /* Network */,
				EE71843A1B58F49700C4EF24 /* Resource */,
				EE6845B61B7E025E00D6D6F5 /* Services */,
				EEDCB60D1B63860F00EB9135 /* Tool */,
			);
			path = shipin;
			sourceTree = "<group>";
		};
		EE87D20F1B58ADA4002A0DD8 /* Supporting Files */ = {
			isa = PBXGroup;
			children = (
				EE87D2101B58ADA4002A0DD8 /* Info.plist */,
				EE87D2111B58ADA4002A0DD8 /* main.m */,
				EE7184301B58EA9D00C4EF24 /* shipin.pch */,
			);
			name = "Supporting Files";
			path = shipin;
			sourceTree = "<group>";
		};
		EE87D2281B58ADA4002A0DD8 /* shipinTests */ = {
			isa = PBXGroup;
			children = (
				EE87D22B1B58ADA4002A0DD8 /* shipinTests.m */,
				EE87D2291B58ADA4002A0DD8 /* Supporting Files */,
			);
			path = shipinTests;
			sourceTree = "<group>";
		};
		EE87D2291B58ADA4002A0DD8 /* Supporting Files */ = {
			isa = PBXGroup;
			children = (
				EE87D22A1B58ADA4002A0DD8 /* Info.plist */,
			);
			name = "Supporting Files";
			sourceTree = "<group>";
		};
		EE87D2351B58DD42002A0DD8 /* Controller */ = {
			isa = PBXGroup;
			children = (
				EE7743891B7CD35700078166 /* AllTableViewCell.h */,
				EE77438B1B7CD35700078166 /* BaseViewController.h */,
				EE77438D1B7CD35700078166 /* EditPersonViewController.h */,
				EE77438F1B7CD35700078166 /* FindTableViewCell.h */,
				EE7743911B7CD35700078166 /* HeadTableViewCell.h */,
				EE7743931B7CD35700078166 /* LoginViewController.h */,
				EE7743951B7CD35700078166 /* PersonInfoViewController.h */,
				EE7743971B7CD35700078166 /* SetViewController.h */,
				EE7743991B7CD35700078166 /* TextTableViewCell.h */,
				EE77439B1B7CD35700078166 /* ViewController.h */,
				EE77438A1B7CD35700078166 /* AllTableViewCell.m */,
				EE77438C1B7CD35700078166 /* BaseViewController.m */,
				EE77438E1B7CD35700078166 /* EditPersonViewController.m */,
				EE7743901B7CD35700078166 /* FindTableViewCell.m */,
				EE7743921B7CD35700078166 /* HeadTableViewCell.m */,
				EE7743941B7CD35700078166 /* LoginViewController.m */,
				EE7743961B7CD35700078166 /* PersonInfoViewController.m */,
				EE7743981B7CD35700078166 /* SetViewController.m */,
				EE77439A1B7CD35700078166 /* TextTableViewCell.m */,
				EE77439C1B7CD35700078166 /* ViewController.m */,
			);
			name = Controller;
			sourceTree = "<group>";
		};
		EE87D2361B58DD5A002A0DD8 /* other */ = {
			isa = PBXGroup;
			children = (
				EE87D21C1B58ADA4002A0DD8 /* Images.xcassets */,
				14455883414250D8F0A7AF5C /* Frameworks */,
				BD427247A4D12148922FF266 /* Pods */,
				EE87D2281B58ADA4002A0DD8 /* shipinTests */,
				EE87D20F1B58ADA4002A0DD8 /* Supporting Files */,
			);
			name = other;
			sourceTree = "<group>";
		};
		EEDCB5BF1B6335CD00EB9135 /* Config */ = {
			isa = PBXGroup;
			children = (
				EEDCB5C01B6335ED00EB9135 /* Config.h */,
				EEDCB5C21B6335ED00EB9135 /* Macro.h */,
				EEDCB5C31B6335ED00EB9135 /* UrlAddress.h */,
				EEDCB5C11B6335ED00EB9135 /* Config.m */,
			);
			name = Config;
			sourceTree = "<group>";
		};
		EEDCB5C61B63391000EB9135 /* ExView */ = {
			isa = PBXGroup;
			children = (
				EEDCB5CA1B63398D00EB9135 /* ExUINavigationBar.h */,
				EEDCB5CB1B63398D00EB9135 /* ExUINavigationBar.m */,
				EEDCB5C71B63392700EB9135 /* ExUINavigationController.h */,
				EEDCB5C81B63392700EB9135 /* ExUINavigationController.m */,
			);
			name = ExView;
			sourceTree = "<group>";
		};
		EEDCB5D41B633E8B00EB9135 /* logic */ = {
			isa = PBXGroup;
			children = (
				EEDCB5D51B633E9200EB9135 /* ImageUtil.h */,
				EEDCB5D61B633E9200EB9135 /* ImageUtil.m */,
			);
			name = logic;
			sourceTree = "<group>";
		};
		EEDCB6091B6366A300EB9135 /* Modle */ = {
			isa = PBXGroup;
			children = (
				EE908C051B7ED68100505B82 /* DramaModel.h */,
				EE908C061B7ED68100505B82 /* DramaModel.m */,
				EE908C071B7ED68100505B82 /* DramaPostersModel.h */,
				EE908C081B7ED68100505B82 /* DramaPostersModel.m */,
				EE908C091B7ED68100505B82 /* DramaRelativesModel.h */,
				EE908C0A1B7ED68100505B82 /* DramaRelativesModel.m */,
				EE908C0B1B7ED68100505B82 /* FilmModel.h */,
				EE908C0C1B7ED68100505B82 /* FilmModel.m */,
				EE908C0D1B7ED68100505B82 /* MessageModel.h */,
				EE908C0E1B7ED68100505B82 /* MessageModel.m */,
				EE908C0F1B7ED68100505B82 /* ScreenShotsModel.h */,
				EE908C101B7ED68100505B82 /* ScreenShotsModel.m */,
				EE908C111B7ED68100505B82 /* SimilaritiesModel.h */,
				EE908C121B7ED68100505B82 /* SimilaritiesModel.m */,
				EE908C131B7ED68100505B82 /* UserModel.h */,
				EE908C141B7ED68100505B82 /* UserModel.m */,
			);
			name = Modle;
			sourceTree = "<group>";
		};
		EEDCB60D1B63860F00EB9135 /* Tool */ = {
			isa = PBXGroup;
			children = (
				EEDCB6111B63864100EB9135 /* Tool.h */,
				EEDCB6121B63864100EB9135 /* Tool.m */,
			);
			name = Tool;
			sourceTree = "<group>";
		};
/* End PBXGroup section */

/* Begin PBXNativeTarget section */
		EE87D20B1B58ADA4002A0DD8 /* shipin */ = {
			isa = PBXNativeTarget;
			buildConfigurationList = EE87D22F1B58ADA4002A0DD8 /* Build configuration list for PBXNativeTarget "shipin" */;
			buildPhases = (
				C6E38D5917AE035AC2E423F0 /* Check Pods Manifest.lock */,
				EE87D2081B58ADA4002A0DD8 /* Sources */,
				EE87D2091B58ADA4002A0DD8 /* Frameworks */,
				EE87D20A1B58ADA4002A0DD8 /* Resources */,
				370BEC79BB5DBF2B23898772 /* Copy Pods Resources */,
			);
			buildRules = (
			);
			dependencies = (
			);
			name = shipin;
			productName = shipin;
			productReference = EE87D20C1B58ADA4002A0DD8 /* shipin.app */;
			productType = "com.apple.product-type.application";
		};
		EE87D2241B58ADA4002A0DD8 /* shipinTests */ = {
			isa = PBXNativeTarget;
			buildConfigurationList = EE87D2321B58ADA4002A0DD8 /* Build configuration list for PBXNativeTarget "shipinTests" */;
			buildPhases = (
				EE87D2211B58ADA4002A0DD8 /* Sources */,
				EE87D2221B58ADA4002A0DD8 /* Frameworks */,
				EE87D2231B58ADA4002A0DD8 /* Resources */,
			);
			buildRules = (
			);
			dependencies = (
				EE87D2271B58ADA4002A0DD8 /* PBXTargetDependency */,
			);
			name = shipinTests;
			productName = shipinTests;
			productReference = EE87D2251B58ADA4002A0DD8 /* shipinTests.xctest */;
			productType = "com.apple.product-type.bundle.unit-test";
		};
/* End PBXNativeTarget section */

/* Begin PBXProject section */
		EE87D2041B58ADA4002A0DD8 /* Project object */ = {
			isa = PBXProject;
			attributes = {
				LastUpgradeCheck = 0640;
				ORGANIZATIONNAME = dust.zhang;
				TargetAttributes = {
					EE87D20B1B58ADA4002A0DD8 = {
						CreatedOnToolsVersion = 6.4;
						DevelopmentTeam = XXYYMF4EK3;
					};
					EE87D2241B58ADA4002A0DD8 = {
						CreatedOnToolsVersion = 6.4;
						TestTargetID = EE87D20B1B58ADA4002A0DD8;
					};
				};
			};
			buildConfigurationList = EE87D2071B58ADA4002A0DD8 /* Build configuration list for PBXProject "shipin" */;
			compatibilityVersion = "Xcode 3.2";
			developmentRegion = English;
			hasScannedForEncodings = 0;
			knownRegions = (
				en,
				Base,
			);
			mainGroup = EE87D2031B58ADA4002A0DD8;
			productRefGroup = EE87D20D1B58ADA4002A0DD8 /* Products */;
			projectDirPath = "";
			projectRoot = "";
			targets = (
				EE87D20B1B58ADA4002A0DD8 /* shipin */,
				EE87D2241B58ADA4002A0DD8 /* shipinTests */,
			);
		};
/* End PBXProject section */

/* Begin PBXResourcesBuildPhase section */
		EE87D20A1B58ADA4002A0DD8 /* Resources */ = {
			isa = PBXResourcesBuildPhase;
			buildActionMask = 2147483647;
			files = (
				D5FEE0041B76F93400E8AC03 /* ico-default-avatar.png in Resources */,
				D5FEE00A1B76F93400E8AC03 /* ico-up-arrow.png in Resources */,
				EEDCB5D31B633E4200EB9135 /* navigationbar.png in Resources */,
				D5FEE0081B76F93400E8AC03 /* ico-search.png in Resources */,
				EE87D21D1B58ADA4002A0DD8 /* Images.xcassets in Resources */,
				D5FEE0051B76F93400E8AC03 /* ico-down-arrow.png in Resources */,
				D5FEE0141B770EB000E8AC03 /* uncheckgoods.png in Resources */,
				D5FEE0031B76F93400E8AC03 /* bg-login.png in Resources */,
				D5FEE0071B76F93400E8AC03 /* ico-right-arrow-writer.png in Resources */,
				D5FEE00B1B76F93400E8AC03 /* logo.png in Resources */,
				D5FEE0061B76F93400E8AC03 /* ico-return.png in Resources */,
				EEDCB5D21B633E4200EB9135 /* Default-568h@2x.png in Resources */,
				D5FEE0091B76F93400E8AC03 /* ico-share.png in Resources */,
				D5FEE0131B770EB000E8AC03 /* uncheckawardblack.png in Resources */,
			);
			runOnlyForDeploymentPostprocessing = 0;
		};
		EE87D2231B58ADA4002A0DD8 /* Resources */ = {
			isa = PBXResourcesBuildPhase;
			buildActionMask = 2147483647;
			files = (
			);
			runOnlyForDeploymentPostprocessing = 0;
		};
/* End PBXResourcesBuildPhase section */

/* Begin PBXShellScriptBuildPhase section */
		370BEC79BB5DBF2B23898772 /* Copy Pods Resources */ = {
			isa = PBXShellScriptBuildPhase;
			buildActionMask = 2147483647;
			files = (
			);
			inputPaths = (
			);
			name = "Copy Pods Resources";
			outputPaths = (
			);
			runOnlyForDeploymentPostprocessing = 0;
			shellPath = /bin/sh;
			shellScript = "\"${SRCROOT}/Pods/Target Support Files/Pods/Pods-resources.sh\"\n";
			showEnvVarsInLog = 0;
		};
		C6E38D5917AE035AC2E423F0 /* Check Pods Manifest.lock */ = {
			isa = PBXShellScriptBuildPhase;
			buildActionMask = 2147483647;
			files = (
			);
			inputPaths = (
			);
			name = "Check Pods Manifest.lock";
			outputPaths = (
			);
			runOnlyForDeploymentPostprocessing = 0;
			shellPath = /bin/sh;
			shellScript = "diff \"${PODS_ROOT}/../Podfile.lock\" \"${PODS_ROOT}/Manifest.lock\" > /dev/null\nif [[ $? != 0 ]] ; then\n    cat << EOM\nerror: The sandbox is not in sync with the Podfile.lock. Run 'pod install' or update your CocoaPods installation.\nEOM\n    exit 1\nfi\n";
			showEnvVarsInLog = 0;
		};
/* End PBXShellScriptBuildPhase section */

/* Begin PBXSourcesBuildPhase section */
		EE87D2081B58ADA4002A0DD8 /* Sources */ = {
			isa = PBXSourcesBuildPhase;
			buildActionMask = 2147483647;
			files = (
				EE7743A61B7CD35700078166 /* ViewController.m in Sources */,
				EE908C171B7ED68100505B82 /* DramaRelativesModel.m in Sources */,
				EEDCB5C51B6335ED00EB9135 /* Config.m in Sources */,
				EE6845B51B7E025800D6D6F5 /* HttpResultBase.m in Sources */,
				EE908C1B1B7ED68100505B82 /* SimilaritiesModel.m in Sources */,
				EE77439E1B7CD35700078166 /* BaseViewController.m in Sources */,
				EE908C031B7ED66F00505B82 /* DramaServices.m in Sources */,
				EE908C151B7ED68100505B82 /* DramaModel.m in Sources */,
				EE6845B31B7E025800D6D6F5 /* HttpManager.m in Sources */,
				EE77439F1B7CD35700078166 /* EditPersonViewController.m in Sources */,
				EE6845B41B7E025800D6D6F5 /* HttpProtocol.m in Sources */,
				EEDCB6131B63864100EB9135 /* Tool.m in Sources */,
				EE7743A21B7CD35700078166 /* LoginViewController.m in Sources */,
				EE87D2151B58ADA4002A0DD8 /* AppDelegate.m in Sources */,
				EE908C1C1B7ED68100505B82 /* UserModel.m in Sources */,
				EE7743A11B7CD35700078166 /* HeadTableViewCell.m in Sources */,
				EE7743A31B7CD35700078166 /* PersonInfoViewController.m in Sources */,
				EE7743A41B7CD35700078166 /* SetViewController.m in Sources */,
				EE908C021B7ED66F00505B82 /* BaseService.m in Sources */,
				EE7743A01B7CD35700078166 /* FindTableViewCell.m in Sources */,
				EE908C161B7ED68100505B82 /* DramaPostersModel.m in Sources */,
				EEDCB5C91B63392700EB9135 /* ExUINavigationController.m in Sources */,
				EE908C181B7ED68100505B82 /* FilmModel.m in Sources */,
				EE7743A51B7CD35700078166 /* TextTableViewCell.m in Sources */,
				EE77439D1B7CD35700078166 /* AllTableViewCell.m in Sources */,
				EEDCB5CC1B63398D00EB9135 /* ExUINavigationBar.m in Sources */,
				EE908C041B7ED66F00505B82 /* UserService.m in Sources */,
				EE87D2121B58ADA4002A0DD8 /* main.m in Sources */,
				EEDCB5D71B633E9200EB9135 /* ImageUtil.m in Sources */,
				EE908C191B7ED68100505B82 /* MessageModel.m in Sources */,
				EE908C1A1B7ED68100505B82 /* ScreenShotsModel.m in Sources */,
			);
			runOnlyForDeploymentPostprocessing = 0;
		};
		EE87D2211B58ADA4002A0DD8 /* Sources */ = {
			isa = PBXSourcesBuildPhase;
			buildActionMask = 2147483647;
			files = (
				EE87D22C1B58ADA4002A0DD8 /* shipinTests.m in Sources */,
			);
			runOnlyForDeploymentPostprocessing = 0;
		};
/* End PBXSourcesBuildPhase section */

/* Begin PBXTargetDependency section */
		EE87D2271B58ADA4002A0DD8 /* PBXTargetDependency */ = {
			isa = PBXTargetDependency;
			target = EE87D20B1B58ADA4002A0DD8 /* shipin */;
			targetProxy = EE87D2261B58ADA4002A0DD8 /* PBXContainerItemProxy */;
		};
/* End PBXTargetDependency section */

/* Begin XCBuildConfiguration section */
		EE87D22D1B58ADA4002A0DD8 /* Debug */ = {
			isa = XCBuildConfiguration;
			buildSettings = {
				ALWAYS_SEARCH_USER_PATHS = NO;
				CLANG_CXX_LANGUAGE_STANDARD = "gnu++0x";
				CLANG_CXX_LIBRARY = "libc++";
				CLANG_ENABLE_MODULES = YES;
				CLANG_ENABLE_OBJC_ARC = YES;
				CLANG_WARN_BOOL_CONVERSION = YES;
				CLANG_WARN_CONSTANT_CONVERSION = YES;
				CLANG_WARN_DIRECT_OBJC_ISA_USAGE = YES_ERROR;
				CLANG_WARN_EMPTY_BODY = YES;
				CLANG_WARN_ENUM_CONVERSION = YES;
				CLANG_WARN_INT_CONVERSION = YES;
				CLANG_WARN_OBJC_ROOT_CLASS = YES_ERROR;
				CLANG_WARN_UNREACHABLE_CODE = YES;
				CLANG_WARN__DUPLICATE_METHOD_MATCH = YES;
				"CODE_SIGN_IDENTITY[sdk=iphoneos*]" = "iPhone Developer";
				COPY_PHASE_STRIP = NO;
				DEBUG_INFORMATION_FORMAT = "dwarf-with-dsym";
				ENABLE_STRICT_OBJC_MSGSEND = YES;
				GCC_C_LANGUAGE_STANDARD = gnu99;
				GCC_DYNAMIC_NO_PIC = NO;
				GCC_NO_COMMON_BLOCKS = YES;
				GCC_OPTIMIZATION_LEVEL = 0;
				GCC_PREPROCESSOR_DEFINITIONS = (
					"DEBUG=1",
					"$(inherited)",
				);
				GCC_SYMBOLS_PRIVATE_EXTERN = NO;
				GCC_WARN_64_TO_32_BIT_CONVERSION = YES;
				GCC_WARN_ABOUT_RETURN_TYPE = YES_ERROR;
				GCC_WARN_UNDECLARED_SELECTOR = YES;
				GCC_WARN_UNINITIALIZED_AUTOS = YES_AGGRESSIVE;
				GCC_WARN_UNUSED_FUNCTION = YES;
				GCC_WARN_UNUSED_VARIABLE = YES;
				IPHONEOS_DEPLOYMENT_TARGET = 7.0;
				MTL_ENABLE_DEBUG_INFO = YES;
				ONLY_ACTIVE_ARCH = YES;
				SDKROOT = iphoneos;
			};
			name = Debug;
		};
		EE87D22E1B58ADA4002A0DD8 /* Release */ = {
			isa = XCBuildConfiguration;
			buildSettings = {
				ALWAYS_SEARCH_USER_PATHS = NO;
				CLANG_CXX_LANGUAGE_STANDARD = "gnu++0x";
				CLANG_CXX_LIBRARY = "libc++";
				CLANG_ENABLE_MODULES = YES;
				CLANG_ENABLE_OBJC_ARC = YES;
				CLANG_WARN_BOOL_CONVERSION = YES;
				CLANG_WARN_CONSTANT_CONVERSION = YES;
				CLANG_WARN_DIRECT_OBJC_ISA_USAGE = YES_ERROR;
				CLANG_WARN_EMPTY_BODY = YES;
				CLANG_WARN_ENUM_CONVERSION = YES;
				CLANG_WARN_INT_CONVERSION = YES;
				CLANG_WARN_OBJC_ROOT_CLASS = YES_ERROR;
				CLANG_WARN_UNREACHABLE_CODE = YES;
				CLANG_WARN__DUPLICATE_METHOD_MATCH = YES;
				"CODE_SIGN_IDENTITY[sdk=iphoneos*]" = "iPhone Developer";
				COPY_PHASE_STRIP = NO;
				DEBUG_INFORMATION_FORMAT = "dwarf-with-dsym";
				ENABLE_NS_ASSERTIONS = NO;
				ENABLE_STRICT_OBJC_MSGSEND = YES;
				GCC_C_LANGUAGE_STANDARD = gnu99;
				GCC_NO_COMMON_BLOCKS = YES;
				GCC_WARN_64_TO_32_BIT_CONVERSION = YES;
				GCC_WARN_ABOUT_RETURN_TYPE = YES_ERROR;
				GCC_WARN_UNDECLARED_SELECTOR = YES;
				GCC_WARN_UNINITIALIZED_AUTOS = YES_AGGRESSIVE;
				GCC_WARN_UNUSED_FUNCTION = YES;
				GCC_WARN_UNUSED_VARIABLE = YES;
				IPHONEOS_DEPLOYMENT_TARGET = 7.0;
				MTL_ENABLE_DEBUG_INFO = NO;
				SDKROOT = iphoneos;
				VALIDATE_PRODUCT = YES;
			};
			name = Release;
		};
		EE87D2301B58ADA4002A0DD8 /* Debug */ = {
			isa = XCBuildConfiguration;
			baseConfigurationReference = A2D29204BCE2B344E2E7938B /* Pods.debug.xcconfig */;
			buildSettings = {
				ASSETCATALOG_COMPILER_APPICON_NAME = AppIcon;
				ASSETCATALOG_COMPILER_LAUNCHIMAGE_NAME = LaunchImage;
				CODE_SIGN_IDENTITY = "iPhone Developer";
				GCC_PRECOMPILE_PREFIX_HEADER = YES;
				GCC_PREFIX_HEADER = shipin/shipin.pch;
				INFOPLIST_FILE = shipin/Info.plist;
				IPHONEOS_DEPLOYMENT_TARGET = 7.0;
				LD_RUNPATH_SEARCH_PATHS = "$(inherited) @executable_path/Frameworks";
				PRODUCT_NAME = "$(TARGET_NAME)";
			};
			name = Debug;
		};
		EE87D2311B58ADA4002A0DD8 /* Release */ = {
			isa = XCBuildConfiguration;
			baseConfigurationReference = B4677DC82867240B0DF6E557 /* Pods.release.xcconfig */;
			buildSettings = {
				ASSETCATALOG_COMPILER_APPICON_NAME = AppIcon;
				ASSETCATALOG_COMPILER_LAUNCHIMAGE_NAME = LaunchImage;
				CODE_SIGN_IDENTITY = "iPhone Developer";
				GCC_PRECOMPILE_PREFIX_HEADER = YES;
				GCC_PREFIX_HEADER = shipin/shipin.pch;
				INFOPLIST_FILE = shipin/Info.plist;
				IPHONEOS_DEPLOYMENT_TARGET = 7.0;
				LD_RUNPATH_SEARCH_PATHS = "$(inherited) @executable_path/Frameworks";
				PRODUCT_NAME = "$(TARGET_NAME)";
			};
			name = Release;
		};
		EE87D2331B58ADA4002A0DD8 /* Debug */ = {
			isa = XCBuildConfiguration;
			buildSettings = {
				BUNDLE_LOADER = "$(TEST_HOST)";
				FRAMEWORK_SEARCH_PATHS = (
					"$(SDKROOT)/Developer/Library/Frameworks",
					"$(inherited)",
				);
				GCC_PREPROCESSOR_DEFINITIONS = (
					"DEBUG=1",
					"$(inherited)",
				);
				INFOPLIST_FILE = shipinTests/Info.plist;
				LD_RUNPATH_SEARCH_PATHS = "$(inherited) @executable_path/Frameworks @loader_path/Frameworks";
				PRODUCT_NAME = "$(TARGET_NAME)";
				TEST_HOST = "$(BUILT_PRODUCTS_DIR)/shipin.app/shipin";
			};
			name = Debug;
		};
		EE87D2341B58ADA4002A0DD8 /* Release */ = {
			isa = XCBuildConfiguration;
			buildSettings = {
				BUNDLE_LOADER = "$(TEST_HOST)";
				FRAMEWORK_SEARCH_PATHS = (
					"$(SDKROOT)/Developer/Library/Frameworks",
					"$(inherited)",
				);
				INFOPLIST_FILE = shipinTests/Info.plist;
				LD_RUNPATH_SEARCH_PATHS = "$(inherited) @executable_path/Frameworks @loader_path/Frameworks";
				PRODUCT_NAME = "$(TARGET_NAME)";
				TEST_HOST = "$(BUILT_PRODUCTS_DIR)/shipin.app/shipin";
			};
			name = Release;
		};
/* End XCBuildConfiguration section */

/* Begin XCConfigurationList section */
		EE87D2071B58ADA4002A0DD8 /* Build configuration list for PBXProject "shipin" */ = {
			isa = XCConfigurationList;
			buildConfigurations = (
				EE87D22D1B58ADA4002A0DD8 /* Debug */,
				EE87D22E1B58ADA4002A0DD8 /* Release */,
			);
			defaultConfigurationIsVisible = 0;
			defaultConfigurationName = Release;
		};
		EE87D22F1B58ADA4002A0DD8 /* Build configuration list for PBXNativeTarget "shipin" */ = {
			isa = XCConfigurationList;
			buildConfigurations = (
				EE87D2301B58ADA4002A0DD8 /* Debug */,
				EE87D2311B58ADA4002A0DD8 /* Release */,
			);
			defaultConfigurationIsVisible = 0;
			defaultConfigurationName = Release;
		};
		EE87D2321B58ADA4002A0DD8 /* Build configuration list for PBXNativeTarget "shipinTests" */ = {
			isa = XCConfigurationList;
			buildConfigurations = (
				EE87D2331B58ADA4002A0DD8 /* Debug */,
				EE87D2341B58ADA4002A0DD8 /* Release */,
			);
			defaultConfigurationIsVisible = 0;
			defaultConfigurationName = Release;
		};
/* End XCConfigurationList section */
	};
	rootObject = EE87D2041B58ADA4002A0DD8 /* Project object */;
}
